
Microsoft Visual Studio Solution File, Format Version 12.00
# Visual Studio 15
VisualStudioVersion = 15.0.28307.168
MinimumVisualStudioVersion = 10.0.40219.1
Project("{FAE04EC0-301F-11D3-BF4B-00C04F79EFBC}") = "TimingExperiment", "TimingExperiment\TimingExperiment.csproj", "{D9245F35-7507-4A5E-82E2-8A5C3D32CFEB}"
EndProject
Global
	GlobalSection(SolutionConfigurationPlatforms) = preSolution
		Debug|Any CPU = Debug|Any CPU
		Release|Any CPU = Release|Any CPU
	EndGlobalSection
	GlobalSection(ProjectConfigurationPlatforms) = postSolution
		{D9245F35-7507-4A5E-82E2-8A5C3D32CFEB}.Debug|Any CPU.ActiveCfg = Debug|Any CPU
		{D9245F35-7507-4A5E-82E2-8A5C3D32CFEB}.Debug|Any CPU.Build.0 = Debug|Any CPU
		{D9245F35-7507-4A5E-82E2-8A5C3D32CFEB}.Release|Any CPU.ActiveCfg = Release|Any CPU
		{D9245F35-7507-4A5E-82E2-8A5C3D32CFEB}.Release|Any CPU.Build.0 = Release|Any CPU
	EndGlobalSection
	GlobalSection(SolutionProperties) = preSolution
		HideSolutionNode = FALSE
	EndGlobalSection
	GlobalSection(ExtensibilityGlobals) = postSolution
		SolutionGuid = {CD58E44F-A98C-416E-91E7-B9AF5E731741}
	EndGlobalSection
EndGlobal
